
Microsoft Visual Studio Solution File, Format Version 12.00
# Visual Studio Version 17
VisualStudioVersion = 17.0.31919.166
MinimumVisualStudioVersion = 10.0.40219.1
Project("{FAE04EC0-301F-11D3-BF4B-00C04F79EFBC}") = "Hoorbakht.RedisService", "Hoorbakht.RedisService\Hoorbakht.RedisService.csproj", "{FEDC46B9-198D-49CA-8B65-947773E6CD1E}"
EndProject
Global
	GlobalSection(SolutionConfigurationPlatforms) = preSolution
		Debug|Any CPU = Debug|Any CPU
		Release|Any CPU = Release|Any CPU
	EndGlobalSection
	GlobalSection(ProjectConfigurationPlatforms) = postSolution
		{FEDC46B9-198D-49CA-8B65-947773E6CD1E}.Debug|Any CPU.ActiveCfg = Debug|Any CPU
		{FEDC46B9-198D-49CA-8B65-947773E6CD1E}.Debug|Any CPU.Build.0 = Debug|Any CPU
		{FEDC46B9-198D-49CA-8B65-947773E6CD1E}.Release|Any CPU.ActiveCfg = Release|Any CPU
		{FEDC46B9-198D-49CA-8B65-947773E6CD1E}.Release|Any CPU.Build.0 = Release|Any CPU
	EndGlobalSection
	GlobalSection(SolutionProperties) = preSolution
		HideSolutionNode = FALSE
	EndGlobalSection
	GlobalSection(ExtensibilityGlobals) = postSolution
		SolutionGuid = {2933D575-7EE9-4883-90C6-1D7F1DE8A7C3}
	EndGlobalSection
EndGlobal
